// !$*UTF8*$!
{
	archiveVersion = 1;
	classes = {
	};
	objectVersion = 46;
	objects = {

/* Begin PBXBuildFile section */
		EE816A791DAB9EFB00862255 /* main.m in Sources */ = {isa = PBXBuildFile; fileRef = EE816A781DAB9EFB00862255 /* main.m */; };
		EE816A7C1DAB9EFB00862255 /* AppDelegate.m in Sources */ = {isa = PBXBuildFile; fileRef = EE816A7B1DAB9EFB00862255 /* AppDelegate.m */; };
		EE816A7F1DAB9EFB00862255 /* ViewController.m in Sources */ = {isa = PBXBuildFile; fileRef = EE816A7E1DAB9EFB00862255 /* ViewController.m */; };
		EE816A821DAB9EFB00862255 /* Main.storyboard in Resources */ = {isa = PBXBuildFile; fileRef = EE816A801DAB9EFB00862255 /* Main.storyboard */; };
		EE816A841DAB9EFB00862255 /* Assets.xcassets in Resources */ = {isa = PBXBuildFile; fileRef = EE816A831DAB9EFB00862255 /* Assets.xcassets */; };
		EE816A871DAB9EFB00862255 /* LaunchScreen.storyboard in Resources */ = {isa = PBXBuildFile; fileRef = EE816A851DAB9EFB00862255 /* LaunchScreen.storyboard */; };
/* End PBXBuildFile section */

/* Begin PBXFileReference section */
		EE816A741DAB9EFB00862255 /* IMQRCodeDemo.app */ = {isa = PBXFileReference; explicitFileType = wrapper.application; includeInIndex = 0; path = IMQRCodeDemo.app; sourceTree = BUILT_PRODUCTS_DIR; };
		EE816A781DAB9EFB00862255 /* main.m */ = {isa = PBXFileReference; lastKnownFileType = sourcecode.c.objc; path = main.m; sourceTree = "<group>"; };
		EE816A7A1DAB9EFB00862255 /* AppDelegate.h */ = {isa = PBXFileReference; lastKnownFileType = sourcecode.c.h; path = AppDelegate.h; sourceTree = "<group>"; };
		EE816A7B1DAB9EFB00862255 /* AppDelegate.m */ = {isa = PBXFileReference; lastKnownFileType = sourcecode.c.objc; path = AppDelegate.m; sourceTree = "<group>"; };
		EE816A7D1DAB9EFB00862255 /* ViewController.h */ = {isa = PBXFileReference; lastKnownFileType = sourcecode.c.h; path = ViewController.h; sourceTree = "<group>"; };
		EE816A7E1DAB9EFB00862255 /* ViewController.m */ = {isa = PBXFileReference; lastKnownFileType = sourcecode.c.objc; path = ViewController.m; sourceTree = "<group>"; };
		EE816A811DAB9EFB00862255 /* Base */ = {isa = PBXFileReference; lastKnownFileType = file.storyboard; name = Base; path = Base.lproj/Main.storyboard; sourceTree = "<group>"; };
		EE816A831DAB9EFB00862255 /* Assets.xcassets */ = {isa = PBXFileReference; lastKnownFileType = folder.assetcatalog; path = Assets.xcassets; sourceTree = "<group>"; };
		EE816A861DAB9EFB00862255 /* Base */ = {isa = PBXFileReference; lastKnownFileType = file.storyboard; name = Base; path = Base.lproj/LaunchScreen.storyboard; sourceTree = "<group>"; };
		EE816A881DAB9EFB00862255 /* Info.plist */ = {isa = PBXFileReference; lastKnownFileType = text.plist.xml; path = Info.plist; sourceTree = "<group>"; };
/* End PBXFileReference section */

/* Begin PBXFrameworksBuildPhase section */
		EE816A711DAB9EFB00862255 /* Frameworks */ = {
			isa = PBXFrameworksBuildPhase;
			buildActionMask = 2147483647;
			files = (
			);
			runOnlyForDeploymentPostprocessing = 0;
		};
/* End PBXFrameworksBuildPhase section */

/* Begin PBXGroup section */
		EE816A6B1DAB9EFB00862255 = {
			isa = PBXGroup;
			children = (
				EE816A761DAB9EFB00862255 /* IMQRCodeDemo */,
				EE816A751DAB9EFB00862255 /* Products */,
			);
			sourceTree = "<group>";
		};
		EE816A751DAB9EFB00862255 /* Products */ = {
			isa = PBXGroup;
			children = (
				EE816A741DAB9EFB00862255 /* IMQRCodeDemo.app */,
			);
			name = Products;
			sourceTree = "<group>";
		};
		EE816A761DAB9EFB00862255 /* IMQRCodeDemo */ = {
			isa = PBXGroup;
			children = (
				EE816A7A1DAB9EFB00862255 /* AppDelegate.h */,
				EE816A7B1DAB9EFB00862255 /* AppDelegate.m */,
				EE816A7D1DAB9EFB00862255 /* ViewController.h */,
				EE816A7E1DAB9EFB00862255 /* ViewController.m */,
				EE816A801DAB9EFB00862255 /* Main.storyboard */,
				EE816A831DAB9EFB00862255 /* Assets.xcassets */,
				EE816A851DAB9EFB00862255 /* LaunchScreen.storyboard */,
				EE816A881DAB9EFB00862255 /* Info.plist */,
				EE816A771DAB9EFB00862255 /* Supporting Files */,
			);
			path = IMQRCodeDemo;
			sourceTree = "<group>";
		};
		EE816A771DAB9EFB00862255 /* Supporting Files */ = {
			isa = PBXGroup;
			children = (
				EE816A781DAB9EFB00862255 /* main.m */,
			);
			name = "Supporting Files";
			sourceTree = "<group>";
		};
/* End PBXGroup section */

/* Begin PBXNativeTarget section */
		EE816A731DAB9EFB00862255 /* IMQRCodeDemo */ = {
			isa = PBXNativeTarget;
			buildConfigurationList = EE816A8B1DAB9EFB00862255 /* Build configuration list for PBXNativeTarget "IMQRCodeDemo" */;
			buildPhases = (
				EE816A701DAB9EFB00862255 /* Sources */,
				EE816A711DAB9EFB00862255 /* Frameworks */,
				EE816A721DAB9EFB00862255 /* Resources */,
			);
			buildRules = (
			);
			dependencies = (
			);
			name = IMQRCodeDemo;
			productName = IMQRCodeDemo;
			productReference = EE816A741DAB9EFB00862255 /* IMQRCodeDemo.app */;
			productType = "com.apple.product-type.application";
		};
/* End PBXNativeTarget section */

/* Begin PBXProject section */
		EE816A6C1DAB9EFB00862255 /* Project object */ = {
			isa = PBXProject;
			attributes = {
				LastUpgradeCheck = 0800;
				ORGANIZATIONNAME = imWallet;
				TargetAttributes = {
					EE816A731DAB9EFB00862255 = {
						CreatedOnToolsVersion = 8.0;
						ProvisioningStyle = Automatic;
					};
				};
			};
			buildConfigurationList = EE816A6F1DAB9EFB00862255 /* Build configuration list for PBXProject "IMQRCodeDemo" */;
			compatibilityVersion = "Xcode 3.2";
			developmentRegion = English;
			hasScannedForEncodings = 0;
			knownRegions = (
				en,
				Base,
			);
			mainGroup = EE816A6B1DAB9EFB00862255;
			productRefGroup = EE816A751DAB9EFB00862255 /* Products */;
			projectDirPath = "";
			projectRoot = "";
			targets = (
				EE816A731DAB9EFB00862255 /* IMQRCodeDemo */,
			);
		};
/* End PBXProject section */

/* Begin PBXResourcesBuildPhase section */
		EE816A721DAB9EFB00862255 /* Resources */ = {
			isa = PBXResourcesBuildPhase;
			buildActionMask = 2147483647;
			files = (
				EE816A871DAB9EFB00862255 /* LaunchScreen.storyboard in Resources */,
				EE816A841DAB9EFB00862255 /* Assets.xcassets in Resources */,
				EE816A821DAB9EFB00862255 /* Main.storyboard in Resources */,
			);
			runOnlyForDeploymentPostprocessing = 0;
		};
/* End PBXResourcesBuildPhase section */

/* Begin PBXSourcesBuildPhase section */
		EE816A701DAB9EFB00862255 /* Sources */ = {
			isa = PBXSourcesBuildPhase;
			buildActionMask = 2147483647;
			files = (
				EE816A7F1DAB9EFB00862255 /* ViewController.m in Sources */,
				EE816A7C1DAB9EFB00862255 /* AppDelegate.m in Sources */,
				EE816A791DAB9EFB00862255 /* main.m in Sources */,
			);
			runOnlyForDeploymentPostprocessing = 0;
		};
/* End PBXSourcesBuildPhase section */

/* Begin PBXVariantGroup section */
		EE816A801DAB9EFB00862255 /* Main.storyboard */ = {
			isa = PBXVariantGroup;
			children = (
				EE816A811DAB9EFB00862255 /* Base */,
			);
			name = Main.storyboard;
			sourceTree = "<group>";
		};
		EE816A851DAB9EFB00862255 /* LaunchScreen.storyboard */ = {
			isa = PBXVariantGroup;
			children = (
				EE816A861DAB9EFB00862255 /* Base */,
			);
			name = LaunchScreen.storyboard;
			sourceTree = "<group>";
		};
/* End PBXVariantGroup section */

/* Begin XCBuildConfiguration section */
		EE816A891DAB9EFB00862255 /* Debug */ = {
			isa = XCBuildConfiguration;
			buildSettings = {
				ALWAYS_SEARCH_USER_PATHS = NO;
				CLANG_ANALYZER_NONNULL = YES;
				CLANG_CXX_LANGUAGE_STANDARD = "gnu++0x";
				CLANG_CXX_LIBRARY = "libc++";
				CLANG_ENABLE_MODULES = YES;
				CLANG_ENABLE_OBJC_ARC = YES;
				CLANG_WARN_BOOL_CONVERSION = YES;
				CLANG_WARN_CONSTANT_CONVERSION = YES;
				CLANG_WARN_DIRECT_OBJC_ISA_USAGE = YES_ERROR;
				CLANG_WARN_DOCUMENTATION_COMMENTS = YES;
				CLANG_WARN_EMPTY_BODY = YES;
				CLANG_WARN_ENUM_CONVERSION = YES;
				CLANG_WARN_INFINITE_RECURSION = YES;
				CLANG_WARN_INT_CONVERSION = YES;
				CLANG_WARN_OBJC_ROOT_CLASS = YES_ERROR;
				CLANG_WARN_SUSPICIOUS_MOVES = YES;
				CLANG_WARN_UNREACHABLE_CODE = YES;
				CLANG_WARN__DUPLICATE_METHOD_MATCH = YES;
				"CODE_SIGN_IDENTITY[sdk=iphoneos*]" = "iPhone Developer";
				COPY_PHASE_STRIP = NO;
				DEBUG_INFORMATION_FORMAT = dwarf;
				ENABLE_STRICT_OBJC_MSGSEND = YES;
				ENABLE_TESTABILITY = YES;
				GCC_C_LANGUAGE_STANDARD = gnu99;
				GCC_DYNAMIC_NO_PIC = NO;
				GCC_NO_COMMON_BLOCKS = YES;
				GCC_OPTIMIZATION_LEVEL = 0;
				GCC_PREPROCESSOR_DEFINITIONS = (
					"DEBUG=1",
					"$(inherited)",
				);
				GCC_WARN_64_TO_32_BIT_CONVERSION = YES;
				GCC_WARN_ABOUT_RETURN_TYPE = YES_ERROR;
				GCC_WARN_UNDECLARED_SELECTOR = YES;
				GCC_WARN_UNINITIALIZED_AUTOS = YES_AGGRESSIVE;
				GCC_WARN_UNUSED_FUNCTION = YES;
				GCC_WARN_UNUSED_VARIABLE = YES;
				IPHONEOS_DEPLOYMENT_TARGET = 10.0;
				MTL_ENABLE_DEBUG_INFO = YES;
				ONLY_ACTIVE_ARCH = YES;
				SDKROOT = iphoneos;
			};
			name = Debug;
		};
		EE816A8A1DAB9EFB00862255 /* Release */ = {
			isa = XCBuildConfiguration;
			buildSettings = {
				ALWAYS_SEARCH_USER_PATHS = NO;
				CLANG_ANALYZER_NONNULL = YES;
				CLANG_CXX_LANGUAGE_STANDARD = "gnu++0x";
				CLANG_CXX_LIBRARY = "libc++";
				CLANG_ENABLE_MODULES = YES;
				CLANG_ENABLE_OBJC_ARC = YES;
				CLANG_WARN_BOOL_CONVERSION = YES;
				CLANG_WARN_CONSTANT_CONVERSION = YES;
				CLANG_WARN_DIRECT_OBJC_ISA_USAGE = YES_ERROR;
				CLANG_WARN_DOCUMENTATION_COMMENTS = YES;
				CLANG_WARN_EMPTY_BODY = YES;
				CLANG_WARN_ENUM_CONVERSION = YES;
				CLANG_WARN_INFINITE_RECURSION = YES;
				CLANG_WARN_INT_CONVERSION = YES;
				CLANG_WARN_OBJC_ROOT_CLASS = YES_ERROR;
				CLANG_WARN_SUSPICIOUS_MOVES = YES;
				CLANG_WARN_UNREACHABLE_CODE = YES;
				CLANG_WARN__DUPLICATE_METHOD_MATCH = YES;
				"CODE_SIGN_IDENTITY[sdk=iphoneos*]" = "iPhone Developer";
				COPY_PHASE_STRIP = NO;
				DEBUG_INFORMATION_FORMAT = "dwarf-with-dsym";
				ENABLE_NS_ASSERTIONS = NO;
				ENABLE_STRICT_OBJC_MSGSEND = YES;
				GCC_C_LANGUAGE_STANDARD = gnu99;
				GCC_NO_COMMON_BLOCKS = YES;
				GCC_WARN_64_TO_32_BIT_CONVERSION = YES;
				GCC_WARN_ABOUT_RETURN_TYPE = YES_ERROR;
				GCC_WARN_UNDECLARED_SELECTOR = YES;
				GCC_WARN_UNINITIALIZED_AUTOS = YES_AGGRESSIVE;
				GCC_WARN_UNUSED_FUNCTION = YES;
				GCC_WARN_UNUSED_VARIABLE = YES;
				IPHONEOS_DEPLOYMENT_TARGET = 10.0;
				MTL_ENABLE_DEBUG_INFO = NO;
				SDKROOT = iphoneos;
				VALIDATE_PRODUCT = YES;
			};
			name = Release;
		};
		EE816A8C1DAB9EFB00862255 /* Debug */ = {
			isa = XCBuildConfiguration;
			buildSettings = {
				ASSETCATALOG_COMPILER_APPICON_NAME = AppIcon;
				INFOPLIST_FILE = IMQRCodeDemo/Info.plist;
				LD_RUNPATH_SEARCH_PATHS = "$(inherited) @executable_path/Frameworks";
				PRODUCT_BUNDLE_IDENTIFIER = com.lianxiushuo.IMQRCodeDemo;
				PRODUCT_NAME = "$(TARGET_NAME)";
			};
			name = Debug;
		};
		EE816A8D1DAB9EFB00862255 /* Release */ = {
			isa = XCBuildConfiguration;
			buildSettings = {
				ASSETCATALOG_COMPILER_APPICON_NAME = AppIcon;
				INFOPLIST_FILE = IMQRCodeDemo/Info.plist;
				LD_RUNPATH_SEARCH_PATHS = "$(inherited) @executable_path/Frameworks";
				PRODUCT_BUNDLE_IDENTIFIER = com.lianxiushuo.IMQRCodeDemo;
				PRODUCT_NAME = "$(TARGET_NAME)";
			};
			name = Release;
		};
/* End XCBuildConfiguration section */

/* Begin XCConfigurationList section */
		EE816A6F1DAB9EFB00862255 /* Build configuration list for PBXProject "IMQRCodeDemo" */ = {
			isa = XCConfigurationList;
			buildConfigurations = (
				EE816A891DAB9EFB00862255 /* Debug */,
				EE816A8A1DAB9EFB00862255 /* Release */,
			);
			defaultConfigurationIsVisible = 0;
			defaultConfigurationName = Release;
		};
		EE816A8B1DAB9EFB00862255 /* Build configuration list for PBXNativeTarget "IMQRCodeDemo" */ = {
			isa = XCConfigurationList;
			buildConfigurations = (
				EE816A8C1DAB9EFB00862255 /* Debug */,
				EE816A8D1DAB9EFB00862255 /* Release */,
			);
			defaultConfigurationIsVisible = 0;
		};
/* End XCConfigurationList section */
	};
	rootObject = EE816A6C1DAB9EFB00862255 /* Project object */;
}
